// !$*UTF8*$!
{
	archiveVersion = 1;
	classes = {
	};
	objectVersion = 50;
	objects = {

/* Begin PBXBuildFile section */
		8669207B23202EDB007F05C4 /* AppDelegate.swift in Sources */ = {isa = PBXBuildFile; fileRef = 8669207A23202EDB007F05C4 /* AppDelegate.swift */; };
		8669208023202EDB007F05C4 /* Main.storyboard in Resources */ = {isa = PBXBuildFile; fileRef = 8669207E23202EDB007F05C4 /* Main.storyboard */; };
		8669208223202EDC007F05C4 /* Assets.xcassets in Resources */ = {isa = PBXBuildFile; fileRef = 8669208123202EDC007F05C4 /* Assets.xcassets */; };
		8669208523202EDC007F05C4 /* LaunchScreen.storyboard in Resources */ = {isa = PBXBuildFile; fileRef = 8669208323202EDC007F05C4 /* LaunchScreen.storyboard */; };
		86692094232036AA007F05C4 /* Card.swift in Sources */ = {isa = PBXBuildFile; fileRef = 86692093232036AA007F05C4 /* Card.swift */; };
		86692098232037C4007F05C4 /* CardController.swift in Sources */ = {isa = PBXBuildFile; fileRef = 86692097232037C4007F05C4 /* CardController.swift */; };
		8669209A232049BC007F05C4 /* Hand.swift in Sources */ = {isa = PBXBuildFile; fileRef = 86692099232049BC007F05C4 /* Hand.swift */; };
		8669209C23204AF3007F05C4 /* HandFunctions.swift in Sources */ = {isa = PBXBuildFile; fileRef = 8669209B23204AF3007F05C4 /* HandFunctions.swift */; };
		8669209E232051BC007F05C4 /* Player.swift in Sources */ = {isa = PBXBuildFile; fileRef = 8669209D232051BC007F05C4 /* Player.swift */; };
		866920A023205266007F05C4 /* GameController.swift in Sources */ = {isa = PBXBuildFile; fileRef = 8669209F23205266007F05C4 /* GameController.swift */; };
		866920A223205392007F05C4 /* PlayerFunctions.swift in Sources */ = {isa = PBXBuildFile; fileRef = 866920A123205392007F05C4 /* PlayerFunctions.swift */; };
/* End PBXBuildFile section */

/* Begin PBXFileReference section */
		8669207723202EDB007F05C4 /* BlackJackPaired.app */ = {isa = PBXFileReference; explicitFileType = wrapper.application; includeInIndex = 0; path = BlackJackPaired.app; sourceTree = BUILT_PRODUCTS_DIR; };
		8669207A23202EDB007F05C4 /* AppDelegate.swift */ = {isa = PBXFileReference; lastKnownFileType = sourcecode.swift; path = AppDelegate.swift; sourceTree = "<group>"; };
		8669207F23202EDB007F05C4 /* Base */ = {isa = PBXFileReference; lastKnownFileType = file.storyboard; name = Base; path = Base.lproj/Main.storyboard; sourceTree = "<group>"; };
		8669208123202EDC007F05C4 /* Assets.xcassets */ = {isa = PBXFileReference; lastKnownFileType = folder.assetcatalog; path = Assets.xcassets; sourceTree = "<group>"; };
		8669208423202EDC007F05C4 /* Base */ = {isa = PBXFileReference; lastKnownFileType = file.storyboard; name = Base; path = Base.lproj/LaunchScreen.storyboard; sourceTree = "<group>"; };
		8669208623202EDC007F05C4 /* Info.plist */ = {isa = PBXFileReference; lastKnownFileType = text.plist.xml; path = Info.plist; sourceTree = "<group>"; };
		86692093232036AA007F05C4 /* Card.swift */ = {isa = PBXFileReference; lastKnownFileType = sourcecode.swift; path = Card.swift; sourceTree = "<group>"; };
		86692097232037C4007F05C4 /* CardController.swift */ = {isa = PBXFileReference; lastKnownFileType = sourcecode.swift; path = CardController.swift; sourceTree = "<group>"; };
		86692099232049BC007F05C4 /* Hand.swift */ = {isa = PBXFileReference; lastKnownFileType = sourcecode.swift; path = Hand.swift; sourceTree = "<group>"; };
		8669209B23204AF3007F05C4 /* HandFunctions.swift */ = {isa = PBXFileReference; lastKnownFileType = sourcecode.swift; path = HandFunctions.swift; sourceTree = "<group>"; };
		8669209D232051BC007F05C4 /* Player.swift */ = {isa = PBXFileReference; lastKnownFileType = sourcecode.swift; path = Player.swift; sourceTree = "<group>"; };
		8669209F23205266007F05C4 /* GameController.swift */ = {isa = PBXFileReference; lastKnownFileType = sourcecode.swift; path = GameController.swift; sourceTree = "<group>"; };
		866920A123205392007F05C4 /* PlayerFunctions.swift */ = {isa = PBXFileReference; lastKnownFileType = sourcecode.swift; path = PlayerFunctions.swift; sourceTree = "<group>"; };
/* End PBXFileReference section */

/* Begin PBXFrameworksBuildPhase section */
		8669207423202EDB007F05C4 /* Frameworks */ = {
			isa = PBXFrameworksBuildPhase;
			buildActionMask = 2147483647;
			files = (
			);
			runOnlyForDeploymentPostprocessing = 0;
		};
/* End PBXFrameworksBuildPhase section */

/* Begin PBXGroup section */
		8669206E23202EDB007F05C4 = {
			isa = PBXGroup;
			children = (
				8669207923202EDB007F05C4 /* BlackJackPaired */,
				8669207823202EDB007F05C4 /* Products */,
			);
			sourceTree = "<group>";
		};
		8669207823202EDB007F05C4 /* Products */ = {
			isa = PBXGroup;
			children = (
				8669207723202EDB007F05C4 /* BlackJackPaired.app */,
			);
			name = Products;
			sourceTree = "<group>";
		};
		8669207923202EDB007F05C4 /* BlackJackPaired */ = {
			isa = PBXGroup;
			children = (
				86692090232030AC007F05C4 /* Storyboards */,
				8669208F232030A7007F05C4 /* View Controllers */,
				8669208E232030A1007F05C4 /* Model Controllers */,
				8669208D2320309D007F05C4 /* Models */,
				86692092232030CA007F05C4 /* Helpers */,
				86692091232030C3007F05C4 /* Extensions */,
				8669208C23203093007F05C4 /* Resources */,
			);
			path = BlackJackPaired;
			sourceTree = "<group>";
		};
		8669208C23203093007F05C4 /* Resources */ = {
			isa = PBXGroup;
			children = (
				8669207A23202EDB007F05C4 /* AppDelegate.swift */,
				8669208123202EDC007F05C4 /* Assets.xcassets */,
				8669208623202EDC007F05C4 /* Info.plist */,
			);
			path = Resources;
			sourceTree = "<group>";
		};
		8669208D2320309D007F05C4 /* Models */ = {
			isa = PBXGroup;
			children = (
				86692093232036AA007F05C4 /* Card.swift */,
				86692099232049BC007F05C4 /* Hand.swift */,
				8669209D232051BC007F05C4 /* Player.swift */,
			);
			path = Models;
			sourceTree = "<group>";
		};
		8669208E232030A1007F05C4 /* Model Controllers */ = {
			isa = PBXGroup;
			children = (
				86692097232037C4007F05C4 /* CardController.swift */,
				8669209F23205266007F05C4 /* GameController.swift */,
			);
			path = "Model Controllers";
			sourceTree = "<group>";
		};
		8669208F232030A7007F05C4 /* View Controllers */ = {
			isa = PBXGroup;
			children = (
			);
			path = "View Controllers";
			sourceTree = "<group>";
		};
		86692090232030AC007F05C4 /* Storyboards */ = {
			isa = PBXGroup;
			children = (
				8669207E23202EDB007F05C4 /* Main.storyboard */,
				8669208323202EDC007F05C4 /* LaunchScreen.storyboard */,
			);
			path = Storyboards;
			sourceTree = "<group>";
		};
		86692091232030C3007F05C4 /* Extensions */ = {
			isa = PBXGroup;
			children = (
				8669209B23204AF3007F05C4 /* HandFunctions.swift */,
				866920A123205392007F05C4 /* PlayerFunctions.swift */,
			);
			path = Extensions;
			sourceTree = "<group>";
		};
		86692092232030CA007F05C4 /* Helpers */ = {
			isa = PBXGroup;
			children = (
			);
			path = Helpers;
			sourceTree = "<group>";
		};
/* End PBXGroup section */

/* Begin PBXNativeTarget section */
		8669207623202EDB007F05C4 /* BlackJackPaired */ = {
			isa = PBXNativeTarget;
			buildConfigurationList = 8669208923202EDC007F05C4 /* Build configuration list for PBXNativeTarget "BlackJackPaired" */;
			buildPhases = (
				8669207323202EDB007F05C4 /* Sources */,
				8669207423202EDB007F05C4 /* Frameworks */,
				8669207523202EDB007F05C4 /* Resources */,
			);
			buildRules = (
			);
			dependencies = (
			);
			name = BlackJackPaired;
			productName = BlackJackPaired;
			productReference = 8669207723202EDB007F05C4 /* BlackJackPaired.app */;
			productType = "com.apple.product-type.application";
		};
/* End PBXNativeTarget section */

/* Begin PBXProject section */
		8669206F23202EDB007F05C4 /* Project object */ = {
			isa = PBXProject;
			attributes = {
				LastSwiftUpdateCheck = 1020;
				LastUpgradeCheck = 1020;
				ORGANIZATIONNAME = "Jax Tubbs";
				TargetAttributes = {
					8669207623202EDB007F05C4 = {
						CreatedOnToolsVersion = 10.2.1;
					};
				};
			};
			buildConfigurationList = 8669207223202EDB007F05C4 /* Build configuration list for PBXProject "BlackJackPaired" */;
			compatibilityVersion = "Xcode 9.3";
			developmentRegion = en;
			hasScannedForEncodings = 0;
			knownRegions = (
				en,
				Base,
			);
			mainGroup = 8669206E23202EDB007F05C4;
			productRefGroup = 8669207823202EDB007F05C4 /* Products */;
			projectDirPath = "";
			projectRoot = "";
			targets = (
				8669207623202EDB007F05C4 /* BlackJackPaired */,
			);
		};
/* End PBXProject section */

/* Begin PBXResourcesBuildPhase section */
		8669207523202EDB007F05C4 /* Resources */ = {
			isa = PBXResourcesBuildPhase;
			buildActionMask = 2147483647;
			files = (
				8669208523202EDC007F05C4 /* LaunchScreen.storyboard in Resources */,
				8669208223202EDC007F05C4 /* Assets.xcassets in Resources */,
				8669208023202EDB007F05C4 /* Main.storyboard in Resources */,
			);
			runOnlyForDeploymentPostprocessing = 0;
		};
/* End PBXResourcesBuildPhase section */

/* Begin PBXSourcesBuildPhase section */
		8669207323202EDB007F05C4 /* Sources */ = {
			isa = PBXSourcesBuildPhase;
			buildActionMask = 2147483647;
			files = (
				8669209A232049BC007F05C4 /* Hand.swift in Sources */,
				8669207B23202EDB007F05C4 /* AppDelegate.swift in Sources */,
				86692098232037C4007F05C4 /* CardController.swift in Sources */,
				8669209C23204AF3007F05C4 /* HandFunctions.swift in Sources */,
				8669209E232051BC007F05C4 /* Player.swift in Sources */,
				86692094232036AA007F05C4 /* Card.swift in Sources */,
				866920A223205392007F05C4 /* PlayerFunctions.swift in Sources */,
				866920A023205266007F05C4 /* GameController.swift in Sources */,
			);
			runOnlyForDeploymentPostprocessing = 0;
		};
/* End PBXSourcesBuildPhase section */

/* Begin PBXVariantGroup section */
		8669207E23202EDB007F05C4 /* Main.storyboard */ = {
			isa = PBXVariantGroup;
			children = (
				8669207F23202EDB007F05C4 /* Base */,
			);
			name = Main.storyboard;
			sourceTree = "<group>";
		};
		8669208323202EDC007F05C4 /* LaunchScreen.storyboard */ = {
			isa = PBXVariantGroup;
			children = (
				8669208423202EDC007F05C4 /* Base */,
			);
			name = LaunchScreen.storyboard;
			sourceTree = "<group>";
		};
/* End PBXVariantGroup section */

/* Begin XCBuildConfiguration section */
		8669208723202EDC007F05C4 /* Debug */ = {
			isa = XCBuildConfiguration;
			buildSettings = {
				ALWAYS_SEARCH_USER_PATHS = NO;
				CLANG_ANALYZER_NONNULL = YES;
				CLANG_ANALYZER_NUMBER_OBJECT_CONVERSION = YES_AGGRESSIVE;
				CLANG_CXX_LANGUAGE_STANDARD = "gnu++14";
				CLANG_CXX_LIBRARY = "libc++";
				CLANG_ENABLE_MODULES = YES;
				CLANG_ENABLE_OBJC_ARC = YES;
				CLANG_ENABLE_OBJC_WEAK = YES;
				CLANG_WARN_BLOCK_CAPTURE_AUTORELEASING = YES;
				CLANG_WARN_BOOL_CONVERSION = YES;
				CLANG_WARN_COMMA = YES;
				CLANG_WARN_CONSTANT_CONVERSION = YES;
				CLANG_WARN_DEPRECATED_OBJC_IMPLEMENTATIONS = YES;
				CLANG_WARN_DIRECT_OBJC_ISA_USAGE = YES_ERROR;
				CLANG_WARN_DOCUMENTATION_COMMENTS = YES;
				CLANG_WARN_EMPTY_BODY = YES;
				CLANG_WARN_ENUM_CONVERSION = YES;
				CLANG_WARN_INFINITE_RECURSION = YES;
				CLANG_WARN_INT_CONVERSION = YES;
				CLANG_WARN_NON_LITERAL_NULL_CONVERSION = YES;
				CLANG_WARN_OBJC_IMPLICIT_RETAIN_SELF = YES;
				CLANG_WARN_OBJC_LITERAL_CONVERSION = YES;
				CLANG_WARN_OBJC_ROOT_CLASS = YES_ERROR;
				CLANG_WARN_RANGE_LOOP_ANALYSIS = YES;
				CLANG_WARN_STRICT_PROTOTYPES = YES;
				CLANG_WARN_SUSPICIOUS_MOVE = YES;
				CLANG_WARN_UNGUARDED_AVAILABILITY = YES_AGGRESSIVE;
				CLANG_WARN_UNREACHABLE_CODE = YES;
				CLANG_WARN__DUPLICATE_METHOD_MATCH = YES;
				CODE_SIGN_IDENTITY = "iPhone Developer";
				COPY_PHASE_STRIP = NO;
				DEBUG_INFORMATION_FORMAT = dwarf;
				ENABLE_STRICT_OBJC_MSGSEND = YES;
				ENABLE_TESTABILITY = YES;
				GCC_C_LANGUAGE_STANDARD = gnu11;
				GCC_DYNAMIC_NO_PIC = NO;
				GCC_NO_COMMON_BLOCKS = YES;
				GCC_OPTIMIZATION_LEVEL = 0;
				GCC_PREPROCESSOR_DEFINITIONS = (
					"DEBUG=1",
					"$(inherited)",
				);
				GCC_WARN_64_TO_32_BIT_CONVERSION = YES;
				GCC_WARN_ABOUT_RETURN_TYPE = YES_ERROR;
				GCC_WARN_UNDECLARED_SELECTOR = YES;
				GCC_WARN_UNINITIALIZED_AUTOS = YES_AGGRESSIVE;
				GCC_WARN_UNUSED_FUNCTION = YES;
				GCC_WARN_UNUSED_VARIABLE = YES;
				IPHONEOS_DEPLOYMENT_TARGET = 12.2;
				MTL_ENABLE_DEBUG_INFO = INCLUDE_SOURCE;
				MTL_FAST_MATH = YES;
				ONLY_ACTIVE_ARCH = YES;
				SDKROOT = iphoneos;
				SWIFT_ACTIVE_COMPILATION_CONDITIONS = DEBUG;
				SWIFT_OPTIMIZATION_LEVEL = "-Onone";
			};
			name = Debug;
		};
		8669208823202EDC007F05C4 /* Release */ = {
			isa = XCBuildConfiguration;
			buildSettings = {
				ALWAYS_SEARCH_USER_PATHS = NO;
				CLANG_ANALYZER_NONNULL = YES;
				CLANG_ANALYZER_NUMBER_OBJECT_CONVERSION = YES_AGGRESSIVE;
				CLANG_CXX_LANGUAGE_STANDARD = "gnu++14";
				CLANG_CXX_LIBRARY = "libc++";
				CLANG_ENABLE_MODULES = YES;
				CLANG_ENABLE_OBJC_ARC = YES;
				CLANG_ENABLE_OBJC_WEAK = YES;
				CLANG_WARN_BLOCK_CAPTURE_AUTORELEASING = YES;
				CLANG_WARN_BOOL_CONVERSION = YES;
				CLANG_WARN_COMMA = YES;
				CLANG_WARN_CONSTANT_CONVERSION = YES;
				CLANG_WARN_DEPRECATED_OBJC_IMPLEMENTATIONS = YES;
				CLANG_WARN_DIRECT_OBJC_ISA_USAGE = YES_ERROR;
				CLANG_WARN_DOCUMENTATION_COMMENTS = YES;
				CLANG_WARN_EMPTY_BODY = YES;
				CLANG_WARN_ENUM_CONVERSION = YES;
				CLANG_WARN_INFINITE_RECURSION = YES;
				CLANG_WARN_INT_CONVERSION = YES;
				CLANG_WARN_NON_LITERAL_NULL_CONVERSION = YES;
				CLANG_WARN_OBJC_IMPLICIT_RETAIN_SELF = YES;
				CLANG_WARN_OBJC_LITERAL_CONVERSION = YES;
				CLANG_WARN_OBJC_ROOT_CLASS = YES_ERROR;
				CLANG_WARN_RANGE_LOOP_ANALYSIS = YES;
				CLANG_WARN_STRICT_PROTOTYPES = YES;
				CLANG_WARN_SUSPICIOUS_MOVE = YES;
				CLANG_WARN_UNGUARDED_AVAILABILITY = YES_AGGRESSIVE;
				CLANG_WARN_UNREACHABLE_CODE = YES;
				CLANG_WARN__DUPLICATE_METHOD_MATCH = YES;
				CODE_SIGN_IDENTITY = "iPhone Developer";
				COPY_PHASE_STRIP = NO;
				DEBUG_INFORMATION_FORMAT = "dwarf-with-dsym";
				ENABLE_NS_ASSERTIONS = NO;
				ENABLE_STRICT_OBJC_MSGSEND = YES;
				GCC_C_LANGUAGE_STANDARD = gnu11;
				GCC_NO_COMMON_BLOCKS = YES;
				GCC_WARN_64_TO_32_BIT_CONVERSION = YES;
				GCC_WARN_ABOUT_RETURN_TYPE = YES_ERROR;
				GCC_WARN_UNDECLARED_SELECTOR = YES;
				GCC_WARN_UNINITIALIZED_AUTOS = YES_AGGRESSIVE;
				GCC_WARN_UNUSED_FUNCTION = YES;
				GCC_WARN_UNUSED_VARIABLE = YES;
				IPHONEOS_DEPLOYMENT_TARGET = 12.2;
				MTL_ENABLE_DEBUG_INFO = NO;
				MTL_FAST_MATH = YES;
				SDKROOT = iphoneos;
				SWIFT_COMPILATION_MODE = wholemodule;
				SWIFT_OPTIMIZATION_LEVEL = "-O";
				VALIDATE_PRODUCT = YES;
			};
			name = Release;
		};
		8669208A23202EDC007F05C4 /* Debug */ = {
			isa = XCBuildConfiguration;
			buildSettings = {
				ASSETCATALOG_COMPILER_APPICON_NAME = AppIcon;
				CODE_SIGN_STYLE = Automatic;
				DEVELOPMENT_TEAM = 2WP5X762NJ;
				INFOPLIST_FILE = "$(SRCROOT)/BlackJackPaired/Resources/Info.plist";
				LD_RUNPATH_SEARCH_PATHS = (
					"$(inherited)",
					"@executable_path/Frameworks",
				);
				PRODUCT_BUNDLE_IDENTIFIER = Decknot.BlackJackPaired;
				PRODUCT_NAME = "$(TARGET_NAME)";
				SWIFT_VERSION = 5.0;
				TARGETED_DEVICE_FAMILY = "1,2";
			};
			name = Debug;
		};
		8669208B23202EDC007F05C4 /* Release */ = {
			isa = XCBuildConfiguration;
			buildSettings = {
				ASSETCATALOG_COMPILER_APPICON_NAME = AppIcon;
				CODE_SIGN_STYLE = Automatic;
				DEVELOPMENT_TEAM = 2WP5X762NJ;
				INFOPLIST_FILE = "$(SRCROOT)/BlackJackPaired/Resources/Info.plist";
				LD_RUNPATH_SEARCH_PATHS = (
					"$(inherited)",
					"@executable_path/Frameworks",
				);
				PRODUCT_BUNDLE_IDENTIFIER = Decknot.BlackJackPaired;
				PRODUCT_NAME = "$(TARGET_NAME)";
				SWIFT_VERSION = 5.0;
				TARGETED_DEVICE_FAMILY = "1,2";
			};
			name = Release;
		};
/* End XCBuildConfiguration section */

/* Begin XCConfigurationList section */
		8669207223202EDB007F05C4 /* Build configuration list for PBXProject "BlackJackPaired" */ = {
			isa = XCConfigurationList;
			buildConfigurations = (
				8669208723202EDC007F05C4 /* Debug */,
				8669208823202EDC007F05C4 /* Release */,
			);
			defaultConfigurationIsVisible = 0;
			defaultConfigurationName = Release;
		};
		8669208923202EDC007F05C4 /* Build configuration list for PBXNativeTarget "BlackJackPaired" */ = {
			isa = XCConfigurationList;
			buildConfigurations = (
				8669208A23202EDC007F05C4 /* Debug */,
				8669208B23202EDC007F05C4 /* Release */,
			);
			defaultConfigurationIsVisible = 0;
			defaultConfigurationName = Release;
		};
/* End XCConfigurationList section */
	};
	rootObject = 8669206F23202EDB007F05C4 /* Project object */;
}
